<?xml version="1.0" encoding="utf-8"?>
<Project ToolsVersion="4.0" xmlns="http://schemas.microsoft.com/developer/msbuild/2003">
  <ItemGroup>
    <Filter Include="Header Files">
      <UniqueIdentifier>{f4d5b9f9-75bf-427a-80df-0d8425f11c1d}</UniqueIdentifier>
      <Extensions>*.h</Extensions>
    </Filter>
    <Filter Include="Source Files">
      <UniqueIdentifier>{ca8dae74-938b-45f1-9863-a7d95d969293}</UniqueIdentifier>
      <Extensions>*.cpp</Extensions>
    </Filter>
    <Filter Include="Source Files\Reanimator">
      <UniqueIdentifier>{96a74604-99ec-41ad-b187-bd17e695a496}</UniqueIdentifier>
      <Extensions>*.cpp</Extensions>
    </Filter>
    <Filter Include="Source Files\TextFormat">
      <UniqueIdentifier>{cf6f59d2-d06c-498b-83d3-12f30ae857e3}</UniqueIdentifier>
    </Filter>
    <Filter Include="Source Files\32bit">
      <UniqueIdentifier>{371d22ba-efc3-4241-b6dc-55514ac8f1d4}</UniqueIdentifier>
    </Filter>
    <Filter Include="Source Files\Real">
      <UniqueIdentifier>{be89b1ae-67c3-4852-895a-f458444601d7}</UniqueIdentifier>
    </Filter>
    <Filter Include="Source Files\16bit">
      <UniqueIdentifier>{37ca63d6-5c76-4fe7-b391-7b42071ed0d4}</UniqueIdentifier>
    </Filter>
    <Filter Include="Source Files\8bit">
      <UniqueIdentifier>{ce77a204-f8e2-4ada-81b7-24aff7af1aeb}</UniqueIdentifier>
    </Filter>
    <Filter Include="Source Files\DX">
      <UniqueIdentifier>{54f2d532-069c-4ac1-8ce0-1168120f05a5}</UniqueIdentifier>
    </Filter>
  </ItemGroup>
  <ItemGroup>
    <ClInclude Include="NoiseImpl.h">
      <Filter>Header Files</Filter>
    </ClInclude>
    <ClInclude Include="..\Include\Reanimator.h">
      <Filter>Header Files</Filter>
    </ClInclude>
    <ClInclude Include="..\Include\TextFormat.h">
      <Filter>Header Files</Filter>
    </ClInclude>
    <ClInclude Include="..\Include\DirectXUtil.h">
      <Filter>Header Files</Filter>
    </ClInclude>
    <ClInclude Include="..\Include\DXImage32.h">
      <Filter>Header Files</Filter>
    </ClInclude>
    <ClInclude Include="..\Include\DXUI.h">
      <Filter>Header Files</Filter>
    </ClInclude>
    <ClInclude Include="DrawImpl.h">
      <Filter>Header Files</Filter>
    </ClInclude>
    <ClInclude Include="PreComp.h">
      <Filter>Header Files</Filter>
    </ClInclude>
    <ClInclude Include="..\Include\DXImageReal.h">
      <Filter>Header Files</Filter>
    </ClInclude>
    <ClInclude Include="TCirclePainter.h">
      <Filter>Header Files</Filter>
    </ClInclude>
    <ClInclude Include="..\Include\DXImage16.h">
      <Filter>Header Files</Filter>
    </ClInclude>
    <ClInclude Include="PixelMacros.h">
      <Filter>Header Files</Filter>
    </ClInclude>
    <ClInclude Include="..\Include\DXImage8.h">
      <Filter>Header Files</Filter>
    </ClInclude>
    <ClInclude Include="TBlt.h">
      <Filter>Header Files</Filter>
    </ClInclude>
    <ClInclude Include="..\Include\DXSparseMask.h">
      <Filter>Header Files</Filter>
    </ClInclude>
    <ClInclude Include="..\Include\DXScreenMgr.h">
      <Filter>Header Files</Filter>
    </ClInclude>
    <ClInclude Include="..\Include\DXScreenMgr3D.h">
      <Filter>Header Files</Filter>
    </ClInclude>
    <ClInclude Include="DX3DImpl.h">
      <Filter>Header Files</Filter>
    </ClInclude>
  </ItemGroup>
  <ItemGroup>
    <ClCompile Include="8bitDrawCircle.cpp">
      <Filter>Source Files</Filter>
    </ClCompile>
    <ClCompile Include="8bitImageDrawing.cpp">
      <Filter>Source Files</Filter>
    </ClCompile>
    <ClCompile Include="8bitNoise.cpp">
      <Filter>Source Files</Filter>
    </ClCompile>
    <ClCompile Include="AGArea.cpp">
      <Filter>Source Files</Filter>
    </ClCompile>
    <ClCompile Include="AGScreen.cpp">
      <Filter>Source Files</Filter>
    </ClCompile>
    <ClCompile Include="CFrameRateCounter.cpp">
      <Filter>Source Files</Filter>
    </ClCompile>
    <ClCompile Include="CGButtonArea.cpp">
      <Filter>Source Files</Filter>
    </ClCompile>
    <ClCompile Include="CGFrameArea.cpp">
      <Filter>Source Files</Filter>
    </ClCompile>
    <ClCompile Include="CGImageArea.cpp">
      <Filter>Source Files</Filter>
    </ClCompile>
    <ClCompile Include="CGTextArea.cpp">
      <Filter>Source Files</Filter>
    </ClCompile>
    <ClCompile Include="CNoiseGenerator.cpp">
      <Filter>Source Files</Filter>
    </ClCompile>
    <ClCompile Include="Debug.cpp">
      <Filter>Source Files</Filter>
    </ClCompile>
    <ClCompile Include="DirectDraw.cpp">
      <Filter>Source Files</Filter>
    </ClCompile>
    <ClCompile Include="Noise.cpp">
      <Filter>Source Files</Filter>
    </ClCompile>
    <ClCompile Include="Polygon.cpp">
      <Filter>Source Files</Filter>
    </ClCompile>
    <ClCompile Include="PolygonSimple.cpp">
      <Filter>Source Files</Filter>
    </ClCompile>
    <ClCompile Include="Sound.cpp">
      <Filter>Source Files</Filter>
    </ClCompile>
    <ClCompile Include="CAniButton.cpp">
      <Filter>Source Files\Reanimator</Filter>
    </ClCompile>
    <ClCompile Include="CAniControl.cpp">
      <Filter>Source Files\Reanimator</Filter>
    </ClCompile>
    <ClCompile Include="CAniImageFill.cpp">
      <Filter>Source Files\Reanimator</Filter>
    </ClCompile>
    <ClCompile Include="CAniListBox.cpp">
      <Filter>Source Files\Reanimator</Filter>
    </ClCompile>
    <ClCompile Include="CAniPolygon.cpp">
      <Filter>Source Files\Reanimator</Filter>
    </ClCompile>
    <ClCompile Include="CAniProperty.cpp">
      <Filter>Source Files\Reanimator</Filter>
    </ClCompile>
    <ClCompile Include="CAniPropertySet.cpp">
      <Filter>Source Files\Reanimator</Filter>
    </ClCompile>
    <ClCompile Include="CAniRect.cpp">
      <Filter>Source Files\Reanimator</Filter>
    </ClCompile>
    <ClCompile Include="CAniRichText.cpp">
      <Filter>Source Files\Reanimator</Filter>
    </ClCompile>
    <ClCompile Include="CAniRoundedRect.cpp">
      <Filter>Source Files\Reanimator</Filter>
    </ClCompile>
    <ClCompile Include="CAniSequencer.cpp">
      <Filter>Source Files\Reanimator</Filter>
    </ClCompile>
    <ClCompile Include="CAniShape.cpp">
      <Filter>Source Files\Reanimator</Filter>
    </ClCompile>
    <ClCompile Include="CAniSolidFill.cpp">
      <Filter>Source Files\Reanimator</Filter>
    </ClCompile>
    <ClCompile Include="CAniSolidLine.cpp">
      <Filter>Source Files\Reanimator</Filter>
    </ClCompile>
    <ClCompile Include="CAniText.cpp">
      <Filter>Source Files\Reanimator</Filter>
    </ClCompile>
    <ClCompile Include="CAniTextInput.cpp">
      <Filter>Source Files\Reanimator</Filter>
    </ClCompile>
    <ClCompile Include="CAniVScroller.cpp">
      <Filter>Source Files\Reanimator</Filter>
    </ClCompile>
    <ClCompile Include="CLinearAnimator.cpp">
      <Filter>Source Files\Reanimator</Filter>
    </ClCompile>
    <ClCompile Include="CListScroller.cpp">
      <Filter>Source Files\Reanimator</Filter>
    </ClCompile>
    <ClCompile Include="CReanimator.cpp">
      <Filter>Source Files\Reanimator</Filter>
    </ClCompile>
    <ClCompile Include="IAnimatron.cpp">
      <Filter>Source Files\Reanimator</Filter>
    </ClCompile>
    <ClCompile Include="PropertyAnimators.cpp">
      <Filter>Source Files\Reanimator</Filter>
    </ClCompile>
    <ClCompile Include="CTextBlock.cpp">
      <Filter>Source Files\TextFormat</Filter>
    </ClCompile>
    <ClCompile Include="IPropertyAnimator.cpp">
      <Filter>Source Files\Reanimator</Filter>
    </ClCompile>
    <ClCompile Include="CG32bitImage.cpp">
      <Filter>Source Files\32bit</Filter>
    </ClCompile>
    <ClCompile Include="32bitFill.cpp">
      <Filter>Source Files\32bit</Filter>
    </ClCompile>
    <ClCompile Include="CG32bitPixel.cpp">
      <Filter>Source Files\32bit</Filter>
    </ClCompile>
    <ClCompile Include="32bitBlt.cpp">
      <Filter>Source Files\32bit</Filter>
    </ClCompile>
    <ClCompile Include="DrawRect.cpp">
      <Filter>Source Files\32bit</Filter>
    </ClCompile>
    <ClCompile Include="DrawLine.cpp">
      <Filter>Source Files\32bit</Filter>
    </ClCompile>
    <ClCompile Include="DrawCircle.cpp">
      <Filter>Source Files\32bit</Filter>
    </ClCompile>
    <ClCompile Include="Files.cpp">
      <Filter>Source Files</Filter>
    </ClCompile>
    <ClCompile Include="CGRealHSB.cpp">
      <Filter>Source Files\Real</Filter>
    </ClCompile>
    <ClCompile Include="CGRealRGB.cpp">
      <Filter>Source Files\Real</Filter>
    </ClCompile>
    <ClCompile Include="CGlowingRingPainter.cpp">
      <Filter>Source Files\32bit</Filter>
    </ClCompile>
    <ClCompile Include="CompositeCircle.cpp">
      <Filter>Source Files\32bit</Filter>
    </ClCompile>
    <ClCompile Include="CLinePainter.cpp">
      <Filter>Source Files\32bit</Filter>
    </ClCompile>
    <ClCompile Include="RasterizeLine.cpp">
      <Filter>Source Files\32bit</Filter>
    </ClCompile>
    <ClCompile Include="CGImagePlane.cpp">
      <Filter>Source Files</Filter>
    </ClCompile>
    <ClCompile Include="16bitBlt.cpp">
      <Filter>Source Files\16bit</Filter>
    </ClCompile>
    <ClCompile Include="16bitDrawCircle.cpp">
      <Filter>Source Files\16bit</Filter>
    </ClCompile>
    <ClCompile Include="16bitDrawGradient.cpp">
      <Filter>Source Files\16bit</Filter>
    </ClCompile>
    <ClCompile Include="16bitImageDrawing.cpp">
      <Filter>Source Files\16bit</Filter>
    </ClCompile>
    <ClCompile Include="CG16bitBinaryRegion.cpp">
      <Filter>Source Files\16bit</Filter>
    </ClCompile>
    <ClCompile Include="CG16bitFont.cpp">
      <Filter>Source Files\16bit</Filter>
    </ClCompile>
    <ClCompile Include="CG16BitImage.cpp">
      <Filter>Source Files\16bit</Filter>
    </ClCompile>
    <ClCompile Include="CG16bitLinePainter.cpp">
      <Filter>Source Files\16bit</Filter>
    </ClCompile>
    <ClCompile Include="CG16bitRealRegion.cpp">
      <Filter>Source Files\16bit</Filter>
    </ClCompile>
    <ClCompile Include="CG16bitRegion.cpp">
      <Filter>Source Files\16bit</Filter>
    </ClCompile>
    <ClCompile Include="CG16bitSprite.cpp">
      <Filter>Source Files\16bit</Filter>
    </ClCompile>
    <ClCompile Include="CG8bitImage.cpp">
      <Filter>Source Files\8bit</Filter>
    </ClCompile>
    <ClCompile Include="CG8bitSparseImage.cpp">
      <Filter>Source Files\8bit</Filter>
    </ClCompile>
    <ClCompile Include="CDXBackgroundBlt.cpp">
      <Filter>Source Files\DX</Filter>
    </ClCompile>
    <ClCompile Include="CDXMatrix.cpp">
      <Filter>Source Files\DX</Filter>
    </ClCompile>
    <ClCompile Include="CDXScreen.cpp">
      <Filter>Source Files\DX</Filter>
    </ClCompile>
    <ClCompile Include="CScreenMgr3D.cpp">
      <Filter>Source Files\DX</Filter>
    </ClCompile>
    <ClCompile Include="CScreenMgr.cpp">
      <Filter>Source Files\DX</Filter>
    </ClCompile>
  </ItemGroup>
</Project>