<?xml version="1.0" encoding="utf-8"?>
<Project ToolsVersion="4.0" xmlns="http://schemas.microsoft.com/developer/msbuild/2003">
  <ItemGroup>
    <ClCompile Include="16bitBlt.cpp" />
    <ClCompile Include="16bitDrawCircle.cpp" />
    <ClCompile Include="16bitDrawGradient.cpp" />
    <ClCompile Include="16bitImageDrawing.cpp" />
    <ClCompile Include="32bitBlt.cpp" />
    <ClCompile Include="32bitFill.cpp" />
    <ClCompile Include="8bitDrawCircle.cpp" />
    <ClCompile Include="8bitImageDrawing.cpp" />
    <ClCompile Include="8bitNoise.cpp" />
    <ClCompile Include="AGArea.cpp" />
    <ClCompile Include="AGScreen.cpp" />
    <ClCompile Include="BlendModes.cpp" />
    <ClCompile Include="CAniCartoucheBlock.cpp" />
    <ClCompile Include="CCartoucheBlock.cpp" />
    <ClCompile Include="CCloudGenerator.cpp" />
    <ClCompile Include="CDrawText.cpp" />
    <ClCompile Include="CDXBackgroundBlt.cpp" />
    <ClCompile Include="CDXMatrix.cpp" />
    <ClCompile Include="CFrameRateCounter.cpp" />
    <ClCompile Include="CG16bitFont.cpp" />
    <ClCompile Include="CG16BitImage.cpp" />
    <ClCompile Include="CG16bitLinePainter.cpp" />
    <ClCompile Include="CG16bitRealRegion.cpp" />
    <ClCompile Include="CG16bitBinaryRegion.cpp" />
    <ClCompile Include="CG16bitSprite.cpp" />
    <ClCompile Include="CG16bitRegion.cpp" />
    <ClCompile Include="CG32bitImage.cpp" />
    <ClCompile Include="CGImageCache.cpp" />
    <ClCompile Include="CG32bitPixel.cpp" />
    <ClCompile Include="CG8bitImage.cpp" />
    <ClCompile Include="CG8bitSparseImage.cpp" />
    <ClCompile Include="CGButtonArea.cpp" />
    <ClCompile Include="CGCloudGenerator3D.cpp" />
    <ClCompile Include="CGFrameArea.cpp" />
    <ClCompile Include="CGlobalEdgeTable.cpp" />
    <ClCompile Include="CGlowingRingPainter.cpp" />
    <ClCompile Include="CGImageArea.cpp" />
    <ClCompile Include="CGPath.cpp" />
    <ClCompile Include="CGPNG.cpp" />
    <ClCompile Include="CGRealChannel.cpp" />
    <ClCompile Include="CGRealHSB.cpp" />
    <ClCompile Include="CGRealRGB.cpp" />
    <ClCompile Include="CGRegion.cpp" />
    <ClCompile Include="CGRunList.cpp" />
    <ClCompile Include="CGShape.cpp" />
    <ClCompile Include="CGTextArea.cpp" />
    <ClCompile Include="CIconLabelBlock.cpp" />
    <ClCompile Include="CLinePainter.cpp" />
    <ClCompile Include="CNoiseGenerator.cpp" />
    <ClCompile Include="CompositeCircle.cpp" />
    <ClCompile Include="CDXScreen.cpp" />
    <ClCompile Include="CPolygonRasterizer.cpp" />
    <ClCompile Include="CScreenMgr.cpp" />
    <ClCompile Include="CScreenMgr3D.cpp" />
    <ClCompile Include="CSortedEdgeList.cpp" />
    <ClCompile Include="Debug.cpp" />
    <ClCompile Include="DirectDraw.cpp" />
    <ClCompile Include="DrawCircle.cpp" />
    <ClCompile Include="DrawClouds.cpp" />
    <ClCompile Include="DrawFill.cpp" />
    <ClCompile Include="DrawLine.cpp" />
    <ClCompile Include="DrawQuadCurve.cpp" />
    <ClCompile Include="DrawRect.cpp" />
    <ClCompile Include="DrawRegion.cpp" />
    <ClCompile Include="DrawText.cpp" />
    <ClCompile Include="Files.cpp" />
    <ClCompile Include="FilterBlur.cpp" />
    <ClCompile Include="FilterMinMax.cpp" />
    <ClCompile Include="FilterThreshold.cpp" />
    <ClCompile Include="IPropertyAnimator.cpp" />
    <ClCompile Include="lodepng\lodepng.cpp" />
    <ClCompile Include="Noise.cpp" />
    <ClCompile Include="Polygon.cpp" />
    <ClCompile Include="PolygonSimple.cpp" />
    <ClCompile Include="Sound.cpp" />
    <ClCompile Include="CAniButton.cpp" />
    <ClCompile Include="CAniControl.cpp" />
    <ClCompile Include="CAniImageFill.cpp" />
    <ClCompile Include="CAniListBox.cpp" />
    <ClCompile Include="CAniPolygon.cpp" />
    <ClCompile Include="CAniProperty.cpp" />
    <ClCompile Include="CAniPropertySet.cpp" />
    <ClCompile Include="CAniRect.cpp" />
    <ClCompile Include="CAniRichText.cpp" />
    <ClCompile Include="CAniRoundedRect.cpp" />
    <ClCompile Include="CAniSequencer.cpp" />
    <ClCompile Include="CAniShape.cpp" />
    <ClCompile Include="CAniSolidFill.cpp" />
    <ClCompile Include="CAniSolidLine.cpp" />
    <ClCompile Include="CAniText.cpp" />
    <ClCompile Include="CAniTextInput.cpp" />
    <ClCompile Include="CAniVScroller.cpp" />
    <ClCompile Include="CLinearAnimator.cpp" />
    <ClCompile Include="CListScroller.cpp" />
    <ClCompile Include="CReanimator.cpp" />
    <ClCompile Include="IAnimatron.cpp" />
    <ClCompile Include="PropertyAnimators.cpp" />
    <ClCompile Include="CTextBlock.cpp" />
    <ClCompile Include="OpenGLAnimatedNoise.cpp" />
    <ClCompile Include="OpenGLContext.cpp" />
    <ClCompile Include="OpenGLInstancedBatchImpl.cpp" />
    <ClCompile Include="OpenGLMasterRenderQueue.cpp" />
    <ClCompile Include="OpenGLRenderLayer.cpp" />
    <ClCompile Include="OpenGLShader.cpp" />
    <ClCompile Include="OpenGLTexture.cpp" />
    <ClCompile Include="OpenGLVAO.cpp" />
  </ItemGroup>
  <ItemGroup>
    <ClInclude Include="..\Include\DirectXUtil.h" />
    <ClInclude Include="..\Include\DXFractal.h" />
    <ClInclude Include="..\Include\DXImage16.h" />
    <ClInclude Include="..\Include\DXImage32.h" />
    <ClInclude Include="..\Include\DXImage8.h" />
    <ClInclude Include="..\Include\DXImageReal.h" />
    <ClInclude Include="..\Include\DXPath.h" />
    <ClInclude Include="..\Include\DXRegion.h" />
    <ClInclude Include="..\Include\DXScreenMgr.h" />
    <ClInclude Include="..\Include\DXScreenMgr3D.h" />
    <ClInclude Include="..\Include\DXSparseMask.h" />
    <ClInclude Include="..\Include\DXUI.h" />
    <ClInclude Include="..\Include\Reanimator.h" />
    <ClInclude Include="..\Include\TBlt.h" />
    <ClInclude Include="..\Include\TCirclePainter.h" />
    <ClInclude Include="..\Include\TextFormat.h" />
    <ClInclude Include="..\Include\TFill.h" />
    <ClInclude Include="..\Include\TImagePlane.h" />
    <ClInclude Include="..\Include\TLinePainter.h" />
    <ClInclude Include="..\Include\TRegionPainter.h" />
    <ClInclude Include="..\Include\TRoundedRectPainter.h" />
    <ClInclude Include="DrawImpl.h" />
    <ClInclude Include="DrawRegionImpl.h" />
    <ClInclude Include="DX3DImpl.h" />
    <ClInclude Include="lodepng\lodepng.h" />
    <ClInclude Include="NoiseImpl.h" />
    <ClInclude Include="PixelMacros.h" />
    <ClInclude Include="PreComp.h" />
    <ClInclude Include="RasterizerImpl.h" />
  </ItemGroup>
</Project>