<?xml version="1.0" encoding="utf-8"?>
<Project ToolsVersion="4.0" xmlns="http://schemas.microsoft.com/developer/msbuild/2003">
  <ItemGroup>
    <Filter Include="Core Types">
      <UniqueIdentifier>{1d9661e2-d4b2-4f18-a607-56be2ae2e0c6}</UniqueIdentifier>
    </Filter>
    <Filter Include="Human Space Library">
      <UniqueIdentifier>{fefdab5f-3d19-4a52-95e8-540fa05cca61}</UniqueIdentifier>
    </Filter>
    <Filter Include="Part I">
      <UniqueIdentifier>{c3b1f499-71ce-4a94-a913-9ccce2f9cc67}</UniqueIdentifier>
    </Filter>
    <Filter Include="RPG Library">
      <UniqueIdentifier>{c3f4cfa7-ec01-4091-a0b9-bbbaf23c8c54}</UniqueIdentifier>
    </Filter>
    <Filter Include="Compatibility">
      <UniqueIdentifier>{8f3618c8-6142-4e3d-b310-1fa17883042d}</UniqueIdentifier>
    </Filter>
    <Filter Include="Transcendence Galaxy Library">
      <UniqueIdentifier>{f0df8dab-f35b-432f-8f48-d857cf0f924e}</UniqueIdentifier>
    </Filter>
    <Filter Include="Human Space Library\Star Systems">
      <UniqueIdentifier>{d4cb7273-3da3-4275-9fc5-78295e095dc5}</UniqueIdentifier>
    </Filter>
    <Filter Include="Human Space Library\Items">
      <UniqueIdentifier>{36ba9821-7ac3-48a5-b32c-77fbe79b8a73}</UniqueIdentifier>
    </Filter>
    <Filter Include="Human Space Library\Miscellaneous">
      <UniqueIdentifier>{63cc6687-e95b-4c83-8021-ea2fc3f9c088}</UniqueIdentifier>
    </Filter>
    <Filter Include="Human Space Library\Characters">
      <UniqueIdentifier>{dbe8cf34-7bb0-4df2-a8c4-5578f693ba9a}</UniqueIdentifier>
    </Filter>
    <Filter Include="Human Space Library\Eridani">
      <UniqueIdentifier>{94156faf-ceb4-48b0-a89b-172afb19a909}</UniqueIdentifier>
    </Filter>
    <Filter Include="Human Space Library\Battle Arena">
      <UniqueIdentifier>{17b55370-2fac-4749-99d5-6e4d8bb6ef01}</UniqueIdentifier>
    </Filter>
    <Filter Include="Human Space Library\Black Market">
      <UniqueIdentifier>{5e1c42af-292d-430e-bb05-b469c331a8e7}</UniqueIdentifier>
    </Filter>
    <Filter Include="Human Space Library\Charon Pirates">
      <UniqueIdentifier>{1236f70a-8cee-4f37-bb66-3ffdd7be825e}</UniqueIdentifier>
    </Filter>
    <Filter Include="Human Space Library\Commonwealth">
      <UniqueIdentifier>{4841bfd2-a67e-44c5-b420-8578299339e6}</UniqueIdentifier>
    </Filter>
    <Filter Include="Human Space Library\Commonwealth Fleet">
      <UniqueIdentifier>{2a2f1032-cd48-4b41-a38a-38b029905090}</UniqueIdentifier>
    </Filter>
    <Filter Include="Human Space Library\Commonwealth Militia">
      <UniqueIdentifier>{dbfea604-ebb1-4f1c-a164-4f726aa728c2}</UniqueIdentifier>
    </Filter>
    <Filter Include="Human Space Library\Corporate Hierarchy">
      <UniqueIdentifier>{8f38a4f7-d0dc-4b9d-9a73-26d59d9defe9}</UniqueIdentifier>
    </Filter>
    <Filter Include="Human Space Library\Huari">
      <UniqueIdentifier>{ccad0110-f465-40d2-874f-409983752c4b}</UniqueIdentifier>
    </Filter>
    <Filter Include="Human Space Library\Korolov Shipping">
      <UniqueIdentifier>{b04f8c8f-53ab-4024-b123-f5ee2b24f189}</UniqueIdentifier>
    </Filter>
    <Filter Include="Human Space Library\Sisters">
      <UniqueIdentifier>{2dee5eed-6a06-4261-a4c4-87d876d17953}</UniqueIdentifier>
    </Filter>
    <Filter Include="Human Space Library\St Katharines">
      <UniqueIdentifier>{5c5bdacd-627e-4c19-8a98-3e14216c61ef}</UniqueIdentifier>
    </Filter>
    <Filter Include="Human Space Library\Teratons">
      <UniqueIdentifier>{95e56c36-5b2d-4c56-95f4-a524716c4ce5}</UniqueIdentifier>
    </Filter>
    <Filter Include="Human Space Library\Sung Slavers">
      <UniqueIdentifier>{fb38e338-1ce7-4323-8cae-1c58f0d6e634}</UniqueIdentifier>
    </Filter>
    <Filter Include="Human Space Library\Ares Orthodoxy">
      <UniqueIdentifier>{4dcfeca2-2723-4a4f-af5e-501c47fec0ea}</UniqueIdentifier>
    </Filter>
    <Filter Include="Extensions">
      <UniqueIdentifier>{91476686-c52f-4c21-b57c-29ac984418a1}</UniqueIdentifier>
    </Filter>
    <Filter Include="Extensions\Diagnostics">
      <UniqueIdentifier>{8b9944e2-a1f1-4e36-9d1c-c54d80472cfb}</UniqueIdentifier>
    </Filter>
    <Filter Include="Human Space Library\Ferians">
      <UniqueIdentifier>{51254d89-e854-471c-b6db-6d73848a40c0}</UniqueIdentifier>
    </Filter>
    <Filter Include="Human Space Library\Commonwealth Mining">
      <UniqueIdentifier>{b7ab7526-b5af-4e40-a600-c7792dbd8d66}</UniqueIdentifier>
    </Filter>
    <Filter Include="Human Space Library\Heretic">
      <UniqueIdentifier>{64de1583-14c5-4dd9-b26d-abe0621575f5}</UniqueIdentifier>
    </Filter>
    <Filter Include="Human Space Library\Encounters">
      <UniqueIdentifier>{b33ac3ac-3346-4d8b-b1b3-ef7b253a1f89}</UniqueIdentifier>
    </Filter>
    <Filter Include="Human Space Library\Pilgrim">
      <UniqueIdentifier>{0d3a5fa3-c89f-4ca2-b785-232965a589d5}</UniqueIdentifier>
    </Filter>
    <Filter Include="Human Space Library\Commonwealth Metropolis">
      <UniqueIdentifier>{008a8470-8f59-4e13-8bc5-72c588016ec7}</UniqueIdentifier>
    </Filter>
  </ItemGroup>
  <ItemGroup>
    <None Include="Transcendence.xml" />
    <None Include="CORE_CoreCode.xml">
      <Filter>Core Types</Filter>
    </None>
    <None Include="CORE_CoreEffects.xml">
      <Filter>Core Types</Filter>
    </None>
    <None Include="RPG_Autons.xml">
      <Filter>RPG Library</Filter>
    </None>
    <None Include="RPG_AuxDevices.xml">
      <Filter>RPG Library</Filter>
    </None>
    <None Include="RPG_Behaviors.xml">
      <Filter>RPG Library</Filter>
    </None>
    <None Include="RPG_CharacterClasses.xml">
      <Filter>RPG Library</Filter>
    </None>
    <None Include="RPG_Characters.xml">
      <Filter>RPG Library</Filter>
    </None>
    <None Include="RPG_Code.xml">
      <Filter>RPG Library</Filter>
    </None>
    <None Include="RPG_Compatibility.xml">
      <Filter>RPG Library</Filter>
    </None>
    <None Include="RPG_DeviceDockScreens.xml">
      <Filter>RPG Library</Filter>
    </None>
    <None Include="RPG_Dialog.xml">
      <Filter>RPG Library</Filter>
    </None>
    <None Include="RPG_DockScreens.xml">
      <Filter>RPG Library</Filter>
    </None>
    <None Include="RPG_DockServices.xml">
      <Filter>RPG Library</Filter>
    </None>
    <None Include="RPG_Missions.xml">
      <Filter>RPG Library</Filter>
    </None>
    <None Include="RPG_Player.xml">
      <Filter>RPG Library</Filter>
    </None>
    <None Include="RPG_ShipScreens.xml">
      <Filter>RPG Library</Filter>
    </None>
    <None Include="RPG_Types.xml">
      <Filter>RPG Library</Filter>
    </None>
    <None Include="RPG_Wingmen.xml">
      <Filter>RPG Library</Filter>
    </None>
    <None Include="RPG_HUD.xml">
      <Filter>RPG Library</Filter>
    </None>
    <None Include="SOTP_Benedict00.xml">
      <Filter>Part I</Filter>
    </None>
    <None Include="SOTP_Benedict01.xml">
      <Filter>Part I</Filter>
    </None>
    <None Include="SOTP_Benedict02.xml">
      <Filter>Part I</Filter>
    </None>
    <None Include="SOTP_BenedictStoryArc.xml">
      <Filter>Part I</Filter>
    </None>
    <None Include="SOTP_Elysium.xml">
      <Filter>Part I</Filter>
    </None>
    <None Include="SOTP_PlayerShips.xml">
      <Filter>Part I</Filter>
    </None>
    <None Include="SOTP_StarsOfThePilgrim.xml">
      <Filter>Part I</Filter>
    </None>
    <None Include="GLXY_Environments.xml">
      <Filter>Transcendence Galaxy Library</Filter>
    </None>
    <None Include="GLXY_Groups.xml">
      <Filter>Transcendence Galaxy Library</Filter>
    </None>
    <None Include="GLXY_Ice.xml">
      <Filter>Transcendence Galaxy Library</Filter>
    </None>
    <None Include="GLXY_Metallic.xml">
      <Filter>Transcendence Galaxy Library</Filter>
    </None>
    <None Include="GLXY_Mining.xml">
      <Filter>Transcendence Galaxy Library</Filter>
    </None>
    <None Include="GLXY_Neurohack.xml">
      <Filter>Transcendence Galaxy Library</Filter>
    </None>
    <None Include="GLXY_Primordial.xml">
      <Filter>Transcendence Galaxy Library</Filter>
    </None>
    <None Include="GLXY_Rocky.xml">
      <Filter>Transcendence Galaxy Library</Filter>
    </None>
    <None Include="GLXY_Stargates.xml">
      <Filter>Transcendence Galaxy Library</Filter>
    </None>
    <None Include="GLXY_Stars.xml">
      <Filter>Transcendence Galaxy Library</Filter>
    </None>
    <None Include="GLXY_StarSystems.xml">
      <Filter>Transcendence Galaxy Library</Filter>
    </None>
    <None Include="GLXY_Volcanic.xml">
      <Filter>Transcendence Galaxy Library</Filter>
    </None>
    <None Include="GLXY_Worlds.xml">
      <Filter>Transcendence Galaxy Library</Filter>
    </None>
    <None Include="CORE_CoreExplosions.xml">
      <Filter>Core Types</Filter>
    </None>
    <None Include="CORE_CoreTypesLibrary.xml">
      <Filter>Core Types</Filter>
    </None>
    <None Include="CMPT_Compatibility10.xml">
      <Filter>Compatibility</Filter>
    </None>
    <None Include="GLXY_GalaxyCompatibility.xml">
      <Filter>Transcendence Galaxy Library</Filter>
    </None>
    <None Include="GLXY_GalaxyEffects.xml">
      <Filter>Transcendence Galaxy Library</Filter>
    </None>
    <None Include="RPG_Analyzers.xml">
      <Filter>RPG Library</Filter>
    </None>
    <None Include="HS_CentauriWarlords.xml">
      <Filter>Human Space Library\Encounters</Filter>
    </None>
    <None Include="HS_Code.xml">
      <Filter>Human Space Library\Miscellaneous</Filter>
    </None>
    <None Include="HS_DwargRaiders.xml">
      <Filter>Human Space Library\Encounters</Filter>
    </None>
    <None Include="HS_HSCompatibility.xml">
      <Filter>Human Space Library\Miscellaneous</Filter>
    </None>
    <None Include="HS_HumanSpaceMap.xml">
      <Filter>Human Space Library\Star Systems</Filter>
    </None>
    <None Include="HS_Iocrym.xml">
      <Filter>Human Space Library\Encounters</Filter>
    </None>
    <None Include="HS_KateMorgental.xml">
      <Filter>Human Space Library\Characters</Filter>
    </None>
    <None Include="HS_Luminous.xml">
      <Filter>Human Space Library\Encounters</Filter>
    </None>
    <None Include="HS_MiscItems.xml">
      <Filter>Human Space Library\Items</Filter>
    </None>
    <None Include="HS_OutlawMiners.xml">
      <Filter>Human Space Library\Encounters</Filter>
    </None>
    <None Include="HS_Ringers.xml">
      <Filter>Human Space Library\Encounters</Filter>
    </None>
    <None Include="HS_RogueFleet.xml">
      <Filter>Human Space Library\Encounters</Filter>
    </None>
    <None Include="HS_StdArmor.xml">
      <Filter>Human Space Library\Items</Filter>
    </None>
    <None Include="HS_StdAutons.xml">
      <Filter>Human Space Library\Items</Filter>
    </None>
    <None Include="HS_StdDevices.xml">
      <Filter>Human Space Library\Items</Filter>
    </None>
    <None Include="HS_StdFuel.xml">
      <Filter>Human Space Library\Items</Filter>
    </None>
    <None Include="HS_StdShields.xml">
      <Filter>Human Space Library\Items</Filter>
    </None>
    <None Include="HS_StdWeapons.xml">
      <Filter>Human Space Library\Items</Filter>
    </None>
    <None Include="HS_StdDockScreens.xml">
      <Filter>Human Space Library\Miscellaneous</Filter>
    </None>
    <None Include="HS_StdPlayerShips.xml">
      <Filter>Human Space Library\Miscellaneous</Filter>
    </None>
    <None Include="HS_StdSovereigns.xml">
      <Filter>Human Space Library\Miscellaneous</Filter>
    </None>
    <None Include="HS_StdSystems.xml">
      <Filter>Human Space Library\Star Systems</Filter>
    </None>
    <None Include="HS_StdTypes.xml">
      <Filter>Human Space Library\Miscellaneous</Filter>
    </None>
    <None Include="HS_StdUnknownItems.xml">
      <Filter>Human Space Library\Items</Filter>
    </None>
    <None Include="HS_Tinkers.xml">
      <Filter>Human Space Library\Encounters</Filter>
    </None>
    <None Include="HS_UrakWarlords.xml">
      <Filter>Human Space Library\Encounters</Filter>
    </None>
    <None Include="HS_UsefulItems.xml">
      <Filter>Human Space Library\Items</Filter>
    </None>
    <None Include="HS_CommonwealthFleet.xml">
      <Filter>Human Space Library\Commonwealth Fleet</Filter>
    </None>
    <None Include="HS_CommonwealthMilitia.xml">
      <Filter>Human Space Library\Commonwealth Militia</Filter>
    </None>
    <None Include="HS_KorolovShipping.xml">
      <Filter>Human Space Library\Korolov Shipping</Filter>
    </None>
    <None Include="HS_CorporateHierarchy.xml">
      <Filter>Human Space Library\Corporate Hierarchy</Filter>
    </None>
    <None Include="HS_Rasiermesser.xml">
      <Filter>Human Space Library\Corporate Hierarchy</Filter>
    </None>
    <None Include="HS_Commonwealth.xml">
      <Filter>Human Space Library\Commonwealth</Filter>
    </None>
    <None Include="HS_CommonwealthAgricultural.xml">
      <Filter>Human Space Library\Commonwealth</Filter>
    </None>
    <None Include="HS_PointJuno.xml">
      <Filter>Human Space Library\Commonwealth Fleet</Filter>
    </None>
    <None Include="HS_Antarctica.xml">
      <Filter>Human Space Library\Commonwealth Fleet</Filter>
    </None>
    <None Include="HS_Eridani.xml">
      <Filter>Human Space Library\Eridani</Filter>
    </None>
    <None Include="HS_BlackMarket.xml">
      <Filter>Human Space Library\Black Market</Filter>
    </None>
    <None Include="HS_BattleArena.xml">
      <Filter>Human Space Library\Battle Arena</Filter>
    </None>
    <None Include="HS_BattleArenaGladiators.xml">
      <Filter>Human Space Library\Battle Arena</Filter>
    </None>
    <None Include="HS_CharonFortress.xml">
      <Filter>Human Space Library\Charon Pirates</Filter>
    </None>
    <None Include="HS_CharonPirates.xml">
      <Filter>Human Space Library\Charon Pirates</Filter>
    </None>
    <None Include="HS_StKatharines.xml">
      <Filter>Human Space Library\St Katharines</Filter>
    </None>
    <None Include="HS_SistersOfDomina.xml">
      <Filter>Human Space Library\Sisters</Filter>
    </None>
    <None Include="HS_Huari.xml">
      <Filter>Human Space Library\Huari</Filter>
    </None>
    <None Include="HS_Teratons.xml">
      <Filter>Human Space Library\Teratons</Filter>
    </None>
    <None Include="HS_SungSlavers.xml">
      <Filter>Human Space Library\Sung Slavers</Filter>
    </None>
    <None Include="HS_AresOrthodoxy.xml">
      <Filter>Human Space Library\Ares Orthodoxy</Filter>
    </None>
    <None Include="HS_CommonwealthMining.xml">
      <Filter>Human Space Library\Commonwealth Mining</Filter>
    </None>
    <None Include="HS_Heretic.xml">
      <Filter>Human Space Library\Heretic</Filter>
    </None>
    <None Include="HS_StdEffects.xml">
      <Filter>Human Space Library\Items</Filter>
    </None>
    <None Include="HS_Domina.xml">
      <Filter>Human Space Library\Pilgrim</Filter>
    </None>
    <None Include="GLXY_OvoidsCompatibility.xml">
      <Filter>Transcendence Galaxy Library</Filter>
    </None>
    <None Include="HS_CommonwealthMetropolis.xml">
      <Filter>Human Space Library\Commonwealth Metropolis</Filter>
    </None>
    <None Include="SOTP_Part1Compatibility.xml">
      <Filter>Part I</Filter>
    </None>
  </ItemGroup>
  <ItemGroup>
    <Xml Include="CORE_CorePlaceholders.xml">
      <Filter>Core Types</Filter>
    </Xml>
    <Xml Include="RPG_Library.xml">
      <Filter>RPG Library</Filter>
    </Xml>
    <Xml Include="HS_HumanSpaceVol01.xml">
      <Filter>Human Space Library</Filter>
    </Xml>
    <Xml Include="CMPT_CompatibilityLibrary.xml">
      <Filter>Compatibility</Filter>
    </Xml>
    <Xml Include="GLXY_Ore.xml">
      <Filter>Transcendence Galaxy Library</Filter>
    </Xml>
    <Xml Include="GLXY_GalaxyLibrary.xml">
      <Filter>Transcendence Galaxy Library</Filter>
    </Xml>
    <Xml Include="RPG_Components.xml">
      <Filter>RPG Library</Filter>
    </Xml>
    <Xml Include="CORE_CoreProjectileEffects.xml">
      <Filter>Core Types</Filter>
    </Xml>
    <Xml Include="CORE_CoreHitEffects.xml">
      <Filter>Core Types</Filter>
    </Xml>
    <Xml Include="CORE_CoreFireEffects.xml">
      <Filter>Core Types</Filter>
    </Xml>
    <Xml Include="RPG_ShipBroker.xml">
      <Filter>RPG Library</Filter>
    </Xml>
    <Xml Include="SOTP_Benedict04.xml">
      <Filter>Part I</Filter>
    </Xml>
    <Xml Include="SOTP_Benedict05.xml">
      <Filter>Part I</Filter>
    </Xml>
    <Xml Include="SOTP_Benedict05A.xml">
      <Filter>Part I</Filter>
    </Xml>
    <Xml Include="SOTP_Benedict06.xml">
      <Filter>Part I</Filter>
    </Xml>
    <Xml Include="SOTP_Benedict07.xml">
      <Filter>Part I</Filter>
    </Xml>
    <Xml Include="SOTP_Benedict08.xml">
      <Filter>Part I</Filter>
    </Xml>
    <Xml Include="HS_Benedict.xml">
      <Filter>Human Space Library\Characters</Filter>
    </Xml>
    <Xml Include="HS_EtaCeti.xml">
      <Filter>Human Space Library\Star Systems</Filter>
    </Xml>
    <Xml Include="HS_Fiona.xml">
      <Filter>Human Space Library\Characters</Filter>
    </Xml>
    <Xml Include="HS_HugoSandoval.xml">
      <Filter>Human Space Library\Characters</Filter>
    </Xml>
    <Xml Include="HS_Penitents.xml">
      <Filter>Human Space Library\Encounters</Filter>
    </Xml>
    <Xml Include="HS_StdMiningEquipment.xml">
      <Filter>Human Space Library\Items</Filter>
    </Xml>
    <Xml Include="HS_Stormhound.xml">
      <Filter>Human Space Library\Characters</Filter>
    </Xml>
    <Xml Include="HS_Rama.xml">
      <Filter>Human Space Library\Characters</Filter>
    </Xml>
    <Xml Include="HS_Jenna.xml">
      <Filter>Human Space Library\Characters</Filter>
    </Xml>
    <Xml Include="HS_Volkov.xml">
      <Filter>Human Space Library\Characters</Filter>
    </Xml>
    <Xml Include="HS_CommonwealthFleetMission01.xml">
      <Filter>Human Space Library\Commonwealth Fleet</Filter>
    </Xml>
    <Xml Include="HS_CommonwealthFleetMission02.xml">
      <Filter>Human Space Library\Commonwealth Fleet</Filter>
    </Xml>
    <Xml Include="HS_CommonwealthFleetMission03.xml">
      <Filter>Human Space Library\Commonwealth Fleet</Filter>
    </Xml>
    <Xml Include="HS_CommonwealthFleetMission04.xml">
      <Filter>Human Space Library\Commonwealth Fleet</Filter>
    </Xml>
    <Xml Include="HS_CommonwealthFleetMission05.xml">
      <Filter>Human Space Library\Commonwealth Fleet</Filter>
    </Xml>
    <Xml Include="HS_CommonwealthFleetMission06.xml">
      <Filter>Human Space Library\Commonwealth Fleet</Filter>
    </Xml>
    <Xml Include="HS_CommonwealthFleetMission07.xml">
      <Filter>Human Space Library\Commonwealth Fleet</Filter>
    </Xml>
    <Xml Include="HS_CommonwealthFleetMission08.xml">
      <Filter>Human Space Library\Commonwealth Fleet</Filter>
    </Xml>
    <Xml Include="HS_CommonwealthFleetMission09.xml">
      <Filter>Human Space Library\Commonwealth Fleet</Filter>
    </Xml>
    <Xml Include="HS_CommonwealthFleetMission10.xml">
      <Filter>Human Space Library\Commonwealth Fleet</Filter>
    </Xml>
    <Xml Include="HS_CommonwealthFleetMission11.xml">
      <Filter>Human Space Library\Commonwealth Fleet</Filter>
    </Xml>
    <Xml Include="HS_CommonwealthFleetMissionLL01.xml">
      <Filter>Human Space Library\Commonwealth Fleet</Filter>
    </Xml>
    <Xml Include="HS_CommonwealthFleetMissionLL02.xml">
      <Filter>Human Space Library\Commonwealth Fleet</Filter>
    </Xml>
    <Xml Include="HS_CommonwealthMilitiaMission04.xml">
      <Filter>Human Space Library\Commonwealth Militia</Filter>
    </Xml>
    <Xml Include="HS_CommonwealthMilitiaMission01.xml">
      <Filter>Human Space Library\Commonwealth Militia</Filter>
    </Xml>
    <Xml Include="HS_CommonwealthMilitiaMission02.xml">
      <Filter>Human Space Library\Commonwealth Militia</Filter>
    </Xml>
    <Xml Include="HS_CommonwealthMilitiaMission03.xml">
      <Filter>Human Space Library\Commonwealth Militia</Filter>
    </Xml>
    <Xml Include="HS_KSMission03.xml">
      <Filter>Human Space Library\Korolov Shipping</Filter>
    </Xml>
    <Xml Include="HS_KronosaurusMission01.xml">
      <Filter>Human Space Library\Korolov Shipping</Filter>
    </Xml>
    <Xml Include="HS_KSMission01.xml">
      <Filter>Human Space Library\Korolov Shipping</Filter>
    </Xml>
    <Xml Include="HS_KSMission02.xml">
      <Filter>Human Space Library\Korolov Shipping</Filter>
    </Xml>
    <Xml Include="HS_CommonwealthShips.xml">
      <Filter>Human Space Library\Commonwealth</Filter>
    </Xml>
    <Xml Include="RPG_CommoditiesExchange.xml">
      <Filter>RPG Library</Filter>
    </Xml>
    <Xml Include="RPG_Membership.xml">
      <Filter>RPG Library</Filter>
    </Xml>
    <Xml Include="HS_RaisuStation.xml">
      <Filter>Human Space Library\Eridani</Filter>
    </Xml>
    <Xml Include="HS_BlackMarketMission00.xml">
      <Filter>Human Space Library\Black Market</Filter>
    </Xml>
    <Xml Include="HS_BlackMarketMission01.xml">
      <Filter>Human Space Library\Black Market</Filter>
    </Xml>
    <Xml Include="HS_CommonwealthMilitiaMissionSK01.xml">
      <Filter>Human Space Library\Commonwealth Militia</Filter>
    </Xml>
    <Xml Include="HS_BattleArenaKidnapped.xml">
      <Filter>Human Space Library\Battle Arena</Filter>
    </Xml>
    <Xml Include="HS_BattleArenaMelee.xml">
      <Filter>Human Space Library\Battle Arena</Filter>
    </Xml>
    <Xml Include="HS_Dall01.xml">
      <Filter>Human Space Library\St Katharines</Filter>
    </Xml>
    <Xml Include="HS_Sanctuary.xml">
      <Filter>Human Space Library\Sisters</Filter>
    </Xml>
    <Xml Include="HS_HuariMission01.xml">
      <Filter>Human Space Library\Huari</Filter>
    </Xml>
    <Xml Include="HS_HuariMission02.xml">
      <Filter>Human Space Library\Huari</Filter>
    </Xml>
    <Xml Include="HS_HuariMission03.xml">
      <Filter>Human Space Library\Huari</Filter>
    </Xml>
    <Xml Include="SOTP_HuaramarcaMission07.xml">
      <Filter>Part I</Filter>
    </Xml>
    <Xml Include="SOTP_Huaramarca.xml">
      <Filter>Part I</Filter>
    </Xml>
    <Xml Include="SOTP_HuaramarcaMission01.xml">
      <Filter>Part I</Filter>
    </Xml>
    <Xml Include="SOTP_HuaramarcaMission02.xml">
      <Filter>Part I</Filter>
    </Xml>
    <Xml Include="SOTP_HuaramarcaMission03.xml">
      <Filter>Part I</Filter>
    </Xml>
    <Xml Include="SOTP_HuaramarcaMission04.xml">
      <Filter>Part I</Filter>
    </Xml>
    <Xml Include="SOTP_HuaramarcaMission05.xml">
      <Filter>Part I</Filter>
    </Xml>
    <Xml Include="SOTP_HuaramarcaMission06.xml">
      <Filter>Part I</Filter>
    </Xml>
    <Xml Include="HS_Kronosaurus.xml">
      <Filter>Human Space Library\Charon Pirates</Filter>
    </Xml>
    <Xml Include="HS_KSMissionC01.xml">
      <Filter>Human Space Library\Korolov Shipping</Filter>
    </Xml>
    <Xml Include="HS_KSMissionC02.xml">
      <Filter>Human Space Library\Korolov Shipping</Filter>
    </Xml>
    <Xml Include="HS_TeratonResearch.xml">
      <Filter>Human Space Library\Teratons</Filter>
    </Xml>
    <Xml Include="HS_KorolovFreighters.xml">
      <Filter>Human Space Library\Korolov Shipping</Filter>
    </Xml>
    <Xml Include="RPG_CommonText.xml">
      <Filter>RPG Library</Filter>
    </Xml>
    <Xml Include="RPG_UsefulItems.xml">
      <Filter>RPG Library</Filter>
    </Xml>
    <Xml Include="HS_Dantalion.xml">
      <Filter>Human Space Library\Commonwealth Fleet</Filter>
    </Xml>
    <Xml Include="CORE_CoreItems.xml">
      <Filter>Core Types</Filter>
    </Xml>
    <Xml Include="RPG_TradingComputer.xml">
      <Filter>RPG Library</Filter>
    </Xml>
    <Xml Include="HS_Abbasid.xml">
      <Filter>Human Space Library\Encounters</Filter>
    </Xml>
    <Xml Include="HS_Xenophobes.xml">
      <Filter>Human Space Library\Encounters</Filter>
    </Xml>
    <Xml Include="HS_DeathDrugsCartel.xml">
      <Filter>Human Space Library\Encounters</Filter>
    </Xml>
    <Xml Include="HS_Anarchists.xml">
      <Filter>Human Space Library\Encounters</Filter>
    </Xml>
    <Xml Include="HS_Gaians.xml">
      <Filter>Human Space Library\Encounters</Filter>
    </Xml>
    <Xml Include="HS_Heliotropes.xml">
      <Filter>Human Space Library\Encounters</Filter>
    </Xml>
    <Xml Include="HS_Himal.xml">
      <Filter>Human Space Library\Encounters</Filter>
    </Xml>
    <Xml Include="HS_KobolWarlords.xml">
      <Filter>Human Space Library\Encounters</Filter>
    </Xml>
    <Xml Include="HS_Marauders.xml">
      <Filter>Human Space Library\Encounters</Filter>
    </Xml>
    <Xml Include="HS_Outlaws.xml">
      <Filter>Human Space Library\Encounters</Filter>
    </Xml>
    <Xml Include="HS_Pteravores.xml">
      <Filter>Human Space Library\Encounters</Filter>
    </Xml>
    <Xml Include="HS_RanxEmpire.xml">
      <Filter>Human Space Library\Encounters</Filter>
    </Xml>
    <Xml Include="HS_Salvagers.xml">
      <Filter>Human Space Library\Encounters</Filter>
    </Xml>
    <Xml Include="HS_Sapiens.xml">
      <Filter>Human Space Library\Encounters</Filter>
    </Xml>
    <Xml Include="HS_Debris.xml">
      <Filter>Human Space Library\Encounters</Filter>
    </Xml>
    <Xml Include="HS_Ventari.xml">
      <Filter>Human Space Library\Encounters</Filter>
    </Xml>
    <Xml Include="HS_CommonwealthFleetMissionLL03.xml">
      <Filter>Human Space Library\Commonwealth Fleet</Filter>
    </Xml>
    <Xml Include="HS_CommonwealthFleetMissionLL04.xml">
      <Filter>Human Space Library\Commonwealth Fleet</Filter>
    </Xml>
    <Xml Include="HS_CommonwealthFleetMissionPJ01.xml">
      <Filter>Human Space Library\Commonwealth Fleet</Filter>
    </Xml>
    <Xml Include="HS_Antarctica01.xml">
      <Filter>Human Space Library\Commonwealth Fleet</Filter>
    </Xml>
    <Xml Include="HS_Antarctica02.xml">
      <Filter>Human Space Library\Commonwealth Fleet</Filter>
    </Xml>
    <Xml Include="HS_AntarcticaD01.xml">
      <Filter>Human Space Library\Commonwealth Fleet</Filter>
    </Xml>
    <Xml Include="RPG_DockManagement.xml">
      <Filter>RPG Library</Filter>
    </Xml>
    <Xml Include="HS_HumanTech.xml">
      <Filter>Human Space Library\Miscellaneous</Filter>
    </Xml>
    <Xml Include="HS_CommonwealthCenturions.xml">
      <Filter>Human Space Library\Commonwealth</Filter>
    </Xml>
    <Xml Include="HS_CommonwealthStarCarrier.xml">
      <Filter>Human Space Library\Commonwealth Fleet</Filter>
    </Xml>
    <Xml Include="HS_CSCTerra.xml">
      <Filter>Human Space Library\Commonwealth Fleet</Filter>
    </Xml>
    <Xml Include="SOTP_Heretic00.xml">
      <Filter>Part I</Filter>
    </Xml>
    <Xml Include="SOTP_Heretic01.xml">
      <Filter>Part I</Filter>
    </Xml>
    <Xml Include="SOTP_Heretic02.xml">
      <Filter>Part I</Filter>
    </Xml>
    <Xml Include="SOTP_Heretic03.xml">
      <Filter>Part I</Filter>
    </Xml>
    <Xml Include="SOTP_Heretic04.xml">
      <Filter>Part I</Filter>
    </Xml>
    <Xml Include="SOTP_Heretic05.xml">
      <Filter>Part I</Filter>
    </Xml>
    <Xml Include="SOTP_Heretic06.xml">
      <Filter>Part I</Filter>
    </Xml>
    <Xml Include="SOTP_Heretic07.xml">
      <Filter>Part I</Filter>
    </Xml>
    <Xml Include="SOTP_Heretic08.xml">
      <Filter>Part I</Filter>
    </Xml>
    <Xml Include="HS_CommonwealthMission01.xml">
      <Filter>Human Space Library\Commonwealth</Filter>
    </Xml>
    <Xml Include="RPG_Rumors.xml">
      <Filter>RPG Library</Filter>
    </Xml>
    <Xml Include="HS_BattleArenaChallenger.xml">
      <Filter>Human Space Library\Battle Arena</Filter>
    </Xml>
    <Xml Include="HS_BattleArenaFight.xml">
      <Filter>Human Space Library\Battle Arena</Filter>
    </Xml>
    <Xml Include="HS_CommonwealthRonins.xml">
      <Filter>Human Space Library\Commonwealth</Filter>
    </Xml>
    <Xml Include="HS_CorporateInsurance.xml">
      <Filter>Human Space Library\Corporate Hierarchy</Filter>
    </Xml>
    <Xml Include="HS_QuantumCPU.xml">
      <Filter>Human Space Library\Items</Filter>
    </Xml>
    <Xml Include="HS_SungSlaveCamp.xml">
      <Filter>Human Space Library\Sung Slavers</Filter>
    </Xml>
    <Xml Include="HS_Barricades.xml">
      <Filter>Human Space Library\Items</Filter>
    </Xml>
    <Xml Include="HS_AresItems.xml">
      <Filter>Human Space Library\Ares Orthodoxy</Filter>
    </Xml>
    <Xml Include="HS_AresShips.xml">
      <Filter>Human Space Library\Ares Orthodoxy</Filter>
    </Xml>
    <Xml Include="HS_CorporateTradingPost.xml">
      <Filter>Human Space Library\Corporate Hierarchy</Filter>
    </Xml>
    <Xml Include="..\Extensions\Diagnostics\Diagnostics.xml">
      <Filter>Extensions\Diagnostics</Filter>
    </Xml>
    <Xml Include="HS_CommonwealthCharacters.xml">
      <Filter>Human Space Library\Commonwealth</Filter>
    </Xml>
    <Xml Include="..\Extensions\Diagnostics\ItemUnitTests.xml">
      <Filter>Extensions\Diagnostics</Filter>
    </Xml>
    <Xml Include="..\Extensions\Diagnostics\RPGUnitTests.xml">
      <Filter>Extensions\Diagnostics</Filter>
    </Xml>
    <Xml Include="..\Extensions\Diagnostics\DockScreenTests.xml">
      <Filter>Extensions\Diagnostics</Filter>
    </Xml>
    <Xml Include="..\Extensions\Diagnostics\TestItems.xml">
      <Filter>Extensions\Diagnostics</Filter>
    </Xml>
    <Xml Include="HS_Analyzers.xml">
      <Filter>Human Space Library\Items</Filter>
    </Xml>
    <Xml Include="CoreSamples.xml">
      <Filter>Core Types</Filter>
    </Xml>
    <Xml Include="..\Extensions\Diagnostics\FunctionTests.xml">
      <Filter>Extensions\Diagnostics</Filter>
    </Xml>
    <Xml Include="RPG_Viewers.xml">
      <Filter>RPG Library</Filter>
    </Xml>
    <Xml Include="..\Extensions\Diagnostics\TopologyTests.xml">
      <Filter>Extensions\Diagnostics</Filter>
    </Xml>
    <Xml Include="GLXY_AsteroidFields.xml">
      <Filter>Transcendence Galaxy Library</Filter>
    </Xml>
    <Xml Include="GLXY_GroupIAsteroids.xml">
      <Filter>Transcendence Galaxy Library</Filter>
    </Xml>
    <Xml Include="GLXY_OreStone.xml">
      <Filter>Transcendence Galaxy Library</Filter>
    </Xml>
    <Xml Include="..\Extensions\Diagnostics\TestMissions.xml">
      <Filter>Extensions\Diagnostics</Filter>
    </Xml>
    <Xml Include="..\Extensions\Diagnostics\MissionUnitTests.xml">
      <Filter>Extensions\Diagnostics</Filter>
    </Xml>
    <Xml Include="HS_Ferians.xml">
      <Filter>Human Space Library\Ferians</Filter>
    </Xml>
    <Xml Include="HS_FerianMission01.xml">
      <Filter>Human Space Library\Ferians</Filter>
    </Xml>
    <Xml Include="..\Extensions\Diagnostics\DesignTypeTests.xml">
      <Filter>Extensions\Diagnostics</Filter>
    </Xml>
    <Xml Include="HS_CommonwealthMissionRevenge01.xml">
      <Filter>Human Space Library\Commonwealth</Filter>
    </Xml>
    <Xml Include="..\Extensions\Diagnostics\ItemEnhancementUnitTests.xml">
      <Filter>Extensions\Diagnostics</Filter>
    </Xml>
    <Xml Include="HS_ArmorEnhancementItems.xml">
      <Filter>Human Space Library\Items</Filter>
    </Xml>
    <Xml Include="HS_ArmorRepairItems.xml">
      <Filter>Human Space Library\Items</Filter>
    </Xml>
    <Xml Include="HS_WeaponEnhancementItems.xml">
      <Filter>Human Space Library\Items</Filter>
    </Xml>
    <Xml Include="HS_ShieldEnhancementItems.xml">
      <Filter>Human Space Library\Items</Filter>
    </Xml>
    <Xml Include="HS_RasiermesserMission01.xml">
      <Filter>Human Space Library\Corporate Hierarchy</Filter>
    </Xml>
    <Xml Include="HS_CommonwealthMiningMission01.xml">
      <Filter>Human Space Library\Commonwealth Mining</Filter>
    </Xml>
    <Xml Include="HS_CommonwealthMiningMission02.xml">
      <Filter>Human Space Library\Commonwealth Mining</Filter>
    </Xml>
    <Xml Include="HS_EridaniStations.xml">
      <Filter>Human Space Library\Eridani</Filter>
    </Xml>
    <Xml Include="HS_MRAD.xml">
      <Filter>Human Space Library\Heretic</Filter>
    </Xml>
    <Xml Include="..\Extensions\Diagnostics\SystemFunctionTests.xml">
      <Filter>Extensions\Diagnostics</Filter>
    </Xml>
    <Xml Include="HS_FirstContactMonument.xml">
      <Filter>Human Space Library\St Katharines</Filter>
    </Xml>
    <Xml Include="HS_NewVictoria.xml">
      <Filter>Human Space Library\St Katharines</Filter>
    </Xml>
    <Xml Include="HS_Makayev.xml">
      <Filter>Human Space Library\Corporate Hierarchy</Filter>
    </Xml>
    <Xml Include="RPG_Mining.xml">
      <Filter>RPG Library</Filter>
    </Xml>
    <Xml Include="CORE_CoreEngineText.xml">
      <Filter>Core Types</Filter>
    </Xml>
    <Xml Include="HS_MiningPods.xml">
      <Filter>Human Space Library\Items</Filter>
    </Xml>
    <Xml Include="GLXY_UndergroundCaverns.xml">
      <Filter>Transcendence Galaxy Library</Filter>
    </Xml>
    <Xml Include="HS_BlackMarketMember.xml">
      <Filter>Human Space Library\Black Market</Filter>
    </Xml>
    <Xml Include="CORE_CoreDiagnostics.xml">
      <Filter>Core Types</Filter>
    </Xml>
    <Xml Include="HS_SistersDonate.xml">
      <Filter>Human Space Library\Sisters</Filter>
    </Xml>
    <Xml Include="HS_Pilgrim.xml">
      <Filter>Human Space Library\Pilgrim</Filter>
    </Xml>
    <Xml Include="HS_SistersPilgrimsAid.xml">
      <Filter>Human Space Library\Sisters</Filter>
    </Xml>
    <Xml Include="HS_Sisters01.xml">
      <Filter>Human Space Library\Sisters</Filter>
    </Xml>
    <Xml Include="HS_SistersSanctum.xml">
      <Filter>Human Space Library\Sisters</Filter>
    </Xml>
    <Xml Include="HS_HaloGems.xml">
      <Filter>Human Space Library\Items</Filter>
    </Xml>
    <Xml Include="HS_SungFortress.xml">
      <Filter>Human Space Library\Sung Slavers</Filter>
    </Xml>
    <Xml Include="HS_SungCitadel.xml">
      <Filter>Human Space Library\Sung Slavers</Filter>
    </Xml>
    <Xml Include="HS_JiangsStar.xml">
      <Filter>Human Space Library\Sung Slavers</Filter>
    </Xml>
    <Xml Include="GLXY_Scoria.xml">
      <Filter>Transcendence Galaxy Library</Filter>
    </Xml>
    <Xml Include="GLXY_Ovoids.xml">
      <Filter>Transcendence Galaxy Library</Filter>
    </Xml>
    <Xml Include="HS_ContainerHabitat.xml">
      <Filter>Human Space Library\Commonwealth</Filter>
    </Xml>
    <Xml Include="RPG_MissionTemplate01.xml">
      <Filter>RPG Library</Filter>
    </Xml>
    <Xml Include="HS_CommonwealthVolunteerMission01.xml">
      <Filter>Human Space Library\Commonwealth Metropolis</Filter>
    </Xml>
    <Xml Include="HS_EnricoGaul.xml">
      <Filter>Human Space Library\Characters</Filter>
    </Xml>
    <Xml Include="RPG_MissionTemplate02.xml">
      <Filter>RPG Library</Filter>
    </Xml>
    <Xml Include="HS_CommonwealthVolunteerMission02.xml">
      <Filter>Human Space Library\Commonwealth Metropolis</Filter>
    </Xml>
    <Xml Include="HS_CommonwealthVolunteerMission03.xml">
      <Filter>Human Space Library\Commonwealth Metropolis</Filter>
    </Xml>
    <Xml Include="HS_RejuvTank.xml">
      <Filter>Human Space Library\Items</Filter>
    </Xml>
    <Xml Include="HS_LiaPereira.xml">
      <Filter>Human Space Library\Characters</Filter>
    </Xml>
    <Xml Include="SOTP_Psych01.xml">
      <Filter>Part I</Filter>
    </Xml>
    <Xml Include="SOTP_Psych00.xml">
      <Filter>Part I</Filter>
    </Xml>
    <Xml Include="RPG_MissionTemplate03.xml">
      <Filter>RPG Library</Filter>
    </Xml>
    <Xml Include="HS_CommonwealthMiningMission03.xml">
      <Filter>Human Space Library\Commonwealth Mining</Filter>
    </Xml>
    <Xml Include="HS_HarperThompson.xml">
      <Filter>Human Space Library\Characters</Filter>
    </Xml>
    <Xml Include="HS_CommonwealthMiningMission04.xml">
      <Filter>Human Space Library\Commonwealth Mining</Filter>
    </Xml>
    <Xml Include="HS_MuhammadCondi.xml">
      <Filter>Human Space Library\Characters</Filter>
    </Xml>
    <Xml Include="HS_UndergroundStructures.xml">
      <Filter>Human Space Library\Miscellaneous</Filter>
    </Xml>
    <Xml Include="HS_CommonwealthMiningMission05.xml">
      <Filter>Human Space Library\Commonwealth Mining</Filter>
    </Xml>
    <Xml Include="GLXY_Cryovolcanic.xml">
      <Filter>Transcendence Galaxy Library</Filter>
    </Xml>
    <Xml Include="HS_CorporateAutonDealer.xml">
      <Filter>Human Space Library\Corporate Hierarchy</Filter>
    </Xml>
    <Xml Include="..\Extensions\Diagnostics\ShipClassTests.xml">
      <Filter>Extensions\Diagnostics</Filter>
    </Xml>
    <Xml Include="HS_BlackMarketMission02.xml">
      <Filter>Human Space Library\Black Market</Filter>
    </Xml>
    <Xml Include="HS_BlackMarketMissionSmuggle01.xml">
      <Filter>Human Space Library\Black Market</Filter>
    </Xml>
    <Xml Include="HS_RaisuMission01.xml">
      <Filter>Human Space Library\Eridani</Filter>
    </Xml>
    <Xml Include="HS_RaisuMission02.xml">
      <Filter>Human Space Library\Eridani</Filter>
    </Xml>
    <Xml Include="RPG_MissionTemplate04.xml">
      <Filter>RPG Library</Filter>
    </Xml>
    <Xml Include="HS_RaisuMission03.xml">
      <Filter>Human Space Library\Eridani</Filter>
    </Xml>
    <Xml Include="HS_ResidentialsMission01.xml">
      <Filter>Human Space Library\Commonwealth</Filter>
    </Xml>
    <Xml Include="RPG_MissionTemplate05.xml">
      <Filter>RPG Library</Filter>
    </Xml>
    <Xml Include="RPG_MissionTemplate06.xml">
      <Filter>RPG Library</Filter>
    </Xml>
    <Xml Include="HS_ResidentialsMission02.xml">
      <Filter>Human Space Library\Commonwealth</Filter>
    </Xml>
    <Xml Include="RPG_MissionTemplate07.xml">
      <Filter>RPG Library</Filter>
    </Xml>
    <Xml Include="HS_ResidentialsMission03.xml">
      <Filter>Human Space Library\Commonwealth</Filter>
    </Xml>
    <Xml Include="..\Extensions\Diagnostics\RadiationTests.xml">
      <Filter>Extensions\Diagnostics</Filter>
    </Xml>
    <Xml Include="HS_Tenhove.xml">
      <Filter>Human Space Library\Corporate Hierarchy</Filter>
    </Xml>
    <Xml Include="RPG_Crime.xml">
      <Filter>RPG Library</Filter>
    </Xml>
    <Xml Include="..\Extensions\Diagnostics\StationTypeTests.xml">
      <Filter>Extensions\Diagnostics</Filter>
    </Xml>
    <Xml Include="..\Extensions\Diagnostics\ArmorClassTests.xml">
      <Filter>Extensions\Diagnostics</Filter>
    </Xml>
    <Xml Include="..\Extensions\Diagnostics\OverlayTests.xml">
      <Filter>Extensions\Diagnostics</Filter>
    </Xml>
    <Xml Include="..\Extensions\Diagnostics\TSETests.xml">
      <Filter>Extensions\Diagnostics</Filter>
    </Xml>
    <Xml Include="RPG_SquadronUI.xml">
      <Filter>RPG Library</Filter>
    </Xml>
    <Xml Include="HS_BlackMarketPlayerShips.xml">
      <Filter>Human Space Library\Black Market</Filter>
    </Xml>
    <Xml Include="HS_AgriculturalMission01.xml">
      <Filter>Human Space Library\Commonwealth</Filter>
    </Xml>
    <Xml Include="HS_Sisters03.xml">
      <Filter>Human Space Library\Sisters</Filter>
    </Xml>
    <Xml Include="HS_NPCPilgrims.xml">
      <Filter>Human Space Library\Pilgrim</Filter>
    </Xml>
    <Xml Include="HS_Sisters02.xml">
      <Filter>Human Space Library\Sisters</Filter>
    </Xml>
    <Xml Include="..\Extensions\Diagnostics\CombatAI.xml">
      <Filter>Extensions\Diagnostics</Filter>
    </Xml>
    <Xml Include="..\Extensions\Diagnostics\TradingTests.xml">
      <Filter>Extensions\Diagnostics</Filter>
    </Xml>
    <Xml Include="SOTP_Achievements.xml">
      <Filter>Part I</Filter>
    </Xml>
    <Xml Include="RPG_Slaves.xml">
      <Filter>RPG Library</Filter>
    </Xml>
  </ItemGroup>
</Project>